
Microsoft Visual Studio Solution File, Format Version 12.00
# Visual Studio Version 16
VisualStudioVersion = 16.0.33328.57
MinimumVisualStudioVersion = 10.0.40219.1
Project("{9A19103F-16F7-4668-BE54-9A1E7A4F7556}") = "bifeldy-sd3-wapi-31", "bifeldy-sd3-wapi-31\bifeldy-sd3-wapi-31.csproj", "{9B47919F-49B2-4407-B375-3435FE3ED071}"
EndProject
Project("{9A19103F-16F7-4668-BE54-9A1E7A4F7556}") = "bifeldy-sd3-lib-31", "..\bifeldy-sd3-lib-31\bifeldy-sd3-lib-31\bifeldy-sd3-lib-31.csproj", "{9349E44F-7AB1-439B-A002-F670EAB56115}"
EndProject
Global
	GlobalSection(SolutionConfigurationPlatforms) = preSolution
		Debug|Any CPU = Debug|Any CPU
		Release|Any CPU = Release|Any CPU
	EndGlobalSection
	GlobalSection(ProjectConfigurationPlatforms) = postSolution
		{9B47919F-49B2-4407-B375-3435FE3ED071}.Debug|Any CPU.ActiveCfg = Debug|Any CPU
		{9B47919F-49B2-4407-B375-3435FE3ED071}.Debug|Any CPU.Build.0 = Debug|Any CPU
		{9B47919F-49B2-4407-B375-3435FE3ED071}.Release|Any CPU.ActiveCfg = Release|Any CPU
		{9B47919F-49B2-4407-B375-3435FE3ED071}.Release|Any CPU.Build.0 = Release|Any CPU
		{9349E44F-7AB1-439B-A002-F670EAB56115}.Debug|Any CPU.ActiveCfg = Debug|Any CPU
		{9349E44F-7AB1-439B-A002-F670EAB56115}.Debug|Any CPU.Build.0 = Debug|Any CPU
		{9349E44F-7AB1-439B-A002-F670EAB56115}.Release|Any CPU.ActiveCfg = Release|Any CPU
		{9349E44F-7AB1-439B-A002-F670EAB56115}.Release|Any CPU.Build.0 = Release|Any CPU
	EndGlobalSection
	GlobalSection(SolutionProperties) = preSolution
		HideSolutionNode = FALSE
	EndGlobalSection
	GlobalSection(ExtensibilityGlobals) = postSolution
		SolutionGuid = {CCE9B91C-37DE-432E-B0BA-BCE17D89CCB9}
	EndGlobalSection
EndGlobal
